Microsoft Visual Studio Solution File, Format Version 12.00
# Visual Studio Version 17
VisualStudioVersion = 17.0.31903.59
MinimumVisualStudioVersion = 10.0.40219.1
Project("{FAE04EC0-301F-11D3-BF4B-00C04F79EFBC}") = "KingdomCraft.Core", "src\KingdomCraft.Core\KingdomCraft.Core.csproj", "{13B0E97F-13A5-46C0-AAB2-3CA57243383E}"
EndProject
Project("{FAE04EC0-301F-11D3-BF4B-00C04F79EFBC}") = "KingdomCraft.Client", "src\KingdomCraft.Client\KingdomCraft.Client.csproj", "{834D7160-E939-4DED-A1AB-E1F51392739A}"
EndProject
Project("{FAE04EC0-301F-11D3-BF4B-00C04F79EFBC}") = "KingdomCraft.Server", "src\KingdomCraft.Server\KingdomCraft.Server.csproj", "{D11E18F1-D698-4E85-810E-7645BC575880}"
EndProject
Project("{FAE04EC0-301F-11D3-BF4B-00C04F79EFBC}") = "KingdomCraft.Tests", "tests\KingdomCraft.Tests\KingdomCraft.Tests.csproj", "{293E1C45-86FE-4A55-9B00-94C5F63038D0}"
EndProject
Global
	GlobalSection(SolutionConfigurationPlatforms) = preSolution
		Debug|Any CPU = Debug|Any CPU
		Release|Any CPU = Release|Any CPU
	EndGlobalSection
	GlobalSection(ProjectConfigurationPlatforms) = postSolution
		{13B0E97F-13A5-46C0-AAB2-3CA57243383E}.Debug|Any CPU.ActiveCfg = Debug|Any CPU
		{13B0E97F-13A5-46C0-AAB2-3CA57243383E}.Debug|Any CPU.Build.0 = Debug|Any CPU
		{13B0E97F-13A5-46C0-AAB2-3CA57243383E}.Release|Any CPU.ActiveCfg = Release|Any CPU
		{13B0E97F-13A5-46C0-AAB2-3CA57243383E}.Release|Any CPU.Build.0 = Release|Any CPU
		{834D7160-E939-4DED-A1AB-E1F51392739A}.Debug|Any CPU.ActiveCfg = Debug|Any CPU
		{834D7160-E939-4DED-A1AB-E1F51392739A}.Debug|Any CPU.Build.0 = Debug|Any CPU
		{834D7160-E939-4DED-A1AB-E1F51392739A}.Release|Any CPU.ActiveCfg = Release|Any CPU
		{834D7160-E939-4DED-A1AB-E1F51392739A}.Release|Any CPU.Build.0 = Release|Any CPU
		{D11E18F1-D698-4E85-810E-7645BC575880}.Debug|Any CPU.ActiveCfg = Debug|Any CPU
		{D11E18F1-D698-4E85-810E-7645BC575880}.Debug|Any CPU.Build.0 = Debug|Any CPU
		{D11E18F1-D698-4E85-810E-7645BC575880}.Release|Any CPU.ActiveCfg = Release|Any CPU
		{D11E18F1-D698-4E85-810E-7645BC575880}.Release|Any CPU.Build.0 = Release|Any CPU
		{293E1C45-86FE-4A55-9B00-94C5F63038D0}.Debug|Any CPU.ActiveCfg = Debug|Any CPU
		{293E1C45-86FE-4A55-9B00-94C5F63038D0}.Debug|Any CPU.Build.0 = Debug|Any CPU
		{293E1C45-86FE-4A55-9B00-94C5F63038D0}.Release|Any CPU.ActiveCfg = Release|Any CPU
		{293E1C45-86FE-4A55-9B00-94C5F63038D0}.Release|Any CPU.Build.0 = Release|Any CPU
	EndGlobalSection
	GlobalSection(SolutionProperties) = preSolution
		HideSolutionNode = FALSE
	EndGlobalSection
EndGlobal
